
Microsoft Visual Studio Solution File, Format Version 12.00
# Visual Studio Version 17
VisualStudioVersion = 17.5.33530.505
MinimumVisualStudioVersion = 10.0.40219.1
Project("{2150E333-8FDC-42A3-9474-1A3956D46DE8}") = "Creational", "Creational", "{A835003D-9F01-4F6F-B300-756B1C9466D0}"
EndProject
Project("{2150E333-8FDC-42A3-9474-1A3956D46DE8}") = "Sturctural", "Sturctural", "{E36EEF7A-53BE-4823-BDA5-2AC8C32A255D}"
EndProject
Project("{2150E333-8FDC-42A3-9474-1A3956D46DE8}") = "Behavioural", "Behavioural", "{86196BB9-AC25-4E4B-A376-8C7B542FCD2A}"
EndProject
Project("{9A19103F-16F7-4668-BE54-9A1E7A4F7556}") = "SingletonPattern", "Creational\SingletonPattern\SingletonPattern.csproj", "{C39F9F8A-766B-4E6F-BA08-1BC7E2B1EC15}"
EndProject
Project("{9A19103F-16F7-4668-BE54-9A1E7A4F7556}") = "FactoryMethodPattern", "Creational\FactoryMethodPattern\FactoryMethodPattern.csproj", "{8336F0FF-1AA6-4723-A856-CEA2A6CC07AD}"
EndProject
Project("{9A19103F-16F7-4668-BE54-9A1E7A4F7556}") = "AbstractFactoryPattern", "Creational\AbstractFactoryPattern\AbstractFactoryPattern.csproj", "{A605EC78-C9E3-4873-B1F3-D98AF9B6EC13}"
EndProject
Project("{9A19103F-16F7-4668-BE54-9A1E7A4F7556}") = "PrototypePattern", "Creational\PrototypePattern\PrototypePattern.csproj", "{7DE1EB5C-1C51-4266-92CF-EFE462566A00}"
EndProject
Project("{9A19103F-16F7-4668-BE54-9A1E7A4F7556}") = "BuilderPattern", "Creational\BuilderPattern\BuilderPattern.csproj", "{C4CCDD42-4FF3-4D40-B3C2-A7903A102E87}"
EndProject
Project("{9A19103F-16F7-4668-BE54-9A1E7A4F7556}") = "FacadePattern", "Sturctural\FacadePattern\FacadePattern.csproj", "{E7EDDF90-A649-47C4-B78D-3CF53839056E}"
EndProject
Project("{9A19103F-16F7-4668-BE54-9A1E7A4F7556}") = "AdapterPattern", "Sturctural\AdapterPattern\AdapterPattern.csproj", "{68077049-B1CB-408D-9799-3E7604B36A57}"
EndProject
Project("{9A19103F-16F7-4668-BE54-9A1E7A4F7556}") = "CompositePattern", "Sturctural\CompositePattern\CompositePattern.csproj", "{43A5A998-9072-45E8-853C-3C1CA25072BC}"
EndProject
Project("{9A19103F-16F7-4668-BE54-9A1E7A4F7556}") = "ProxyPattern", "Sturctural\ProxyPattern\ProxyPattern.csproj", "{AC6C405F-ED66-4D7E-9B75-437AB9D9BAB4}"
EndProject
Project("{9A19103F-16F7-4668-BE54-9A1E7A4F7556}") = "DecoratorPattern", "Sturctural\DecoratorPattern\DecoratorPattern.csproj", "{EDF55DE9-56AC-42B4-A06D-A24CD0755F54}"
EndProject
Project("{9A19103F-16F7-4668-BE54-9A1E7A4F7556}") = "BridgePattern", "Sturctural\BridgePattern\BridgePattern.csproj", "{53BD0A85-5F19-46AC-A308-0781824489C5}"
EndProject
Project("{9A19103F-16F7-4668-BE54-9A1E7A4F7556}") = "StrategyPattern", "Behavioural\StrategyPattern\StrategyPattern.csproj", "{D653877F-B389-4774-AA11-A03AECB84B76}"
EndProject
Project("{FAE04EC0-301F-11D3-BF4B-00C04F79EFBC}") = "ObserverPattern", "Behavioural\ObserverPattern\ObserverPattern.csproj", "{D0F582E2-9544-4484-BDF3-4B4657E2E83F}"
EndProject
Global
	GlobalSection(SolutionConfigurationPlatforms) = preSolution
		Debug|Any CPU = Debug|Any CPU
		Release|Any CPU = Release|Any CPU
	EndGlobalSection
	GlobalSection(ProjectConfigurationPlatforms) = postSolution
		{C39F9F8A-766B-4E6F-BA08-1BC7E2B1EC15}.Debug|Any CPU.ActiveCfg = Debug|Any CPU
		{C39F9F8A-766B-4E6F-BA08-1BC7E2B1EC15}.Debug|Any CPU.Build.0 = Debug|Any CPU
		{C39F9F8A-766B-4E6F-BA08-1BC7E2B1EC15}.Release|Any CPU.ActiveCfg = Release|Any CPU
		{C39F9F8A-766B-4E6F-BA08-1BC7E2B1EC15}.Release|Any CPU.Build.0 = Release|Any CPU
		{8336F0FF-1AA6-4723-A856-CEA2A6CC07AD}.Debug|Any CPU.ActiveCfg = Debug|Any CPU
		{8336F0FF-1AA6-4723-A856-CEA2A6CC07AD}.Debug|Any CPU.Build.0 = Debug|Any CPU
		{8336F0FF-1AA6-4723-A856-CEA2A6CC07AD}.Release|Any CPU.ActiveCfg = Release|Any CPU
		{8336F0FF-1AA6-4723-A856-CEA2A6CC07AD}.Release|Any CPU.Build.0 = Release|Any CPU
		{A605EC78-C9E3-4873-B1F3-D98AF9B6EC13}.Debug|Any CPU.ActiveCfg = Debug|Any CPU
		{A605EC78-C9E3-4873-B1F3-D98AF9B6EC13}.Debug|Any CPU.Build.0 = Debug|Any CPU
		{A605EC78-C9E3-4873-B1F3-D98AF9B6EC13}.Release|Any CPU.ActiveCfg = Release|Any CPU
		{A605EC78-C9E3-4873-B1F3-D98AF9B6EC13}.Release|Any CPU.Build.0 = Release|Any CPU
		{7DE1EB5C-1C51-4266-92CF-EFE462566A00}.Debug|Any CPU.ActiveCfg = Debug|Any CPU
		{7DE1EB5C-1C51-4266-92CF-EFE462566A00}.Debug|Any CPU.Build.0 = Debug|Any CPU
		{7DE1EB5C-1C51-4266-92CF-EFE462566A00}.Release|Any CPU.ActiveCfg = Release|Any CPU
		{7DE1EB5C-1C51-4266-92CF-EFE462566A00}.Release|Any CPU.Build.0 = Release|Any CPU
		{C4CCDD42-4FF3-4D40-B3C2-A7903A102E87}.Debug|Any CPU.ActiveCfg = Debug|Any CPU
		{C4CCDD42-4FF3-4D40-B3C2-A7903A102E87}.Debug|Any CPU.Build.0 = Debug|Any CPU
		{C4CCDD42-4FF3-4D40-B3C2-A7903A102E87}.Release|Any CPU.ActiveCfg = Release|Any CPU
		{C4CCDD42-4FF3-4D40-B3C2-A7903A102E87}.Release|Any CPU.Build.0 = Release|Any CPU
		{E7EDDF90-A649-47C4-B78D-3CF53839056E}.Debug|Any CPU.ActiveCfg = Debug|Any CPU
		{E7EDDF90-A649-47C4-B78D-3CF53839056E}.Debug|Any CPU.Build.0 = Debug|Any CPU
		{E7EDDF90-A649-47C4-B78D-3CF53839056E}.Release|Any CPU.ActiveCfg = Release|Any CPU
		{E7EDDF90-A649-47C4-B78D-3CF53839056E}.Release|Any CPU.Build.0 = Release|Any CPU
		{68077049-B1CB-408D-9799-3E7604B36A57}.Debug|Any CPU.ActiveCfg = Debug|Any CPU
		{68077049-B1CB-408D-9799-3E7604B36A57}.Debug|Any CPU.Build.0 = Debug|Any CPU
		{68077049-B1CB-408D-9799-3E7604B36A57}.Release|Any CPU.ActiveCfg = Release|Any CPU
		{68077049-B1CB-408D-9799-3E7604B36A57}.Release|Any CPU.Build.0 = Release|Any CPU
		{43A5A998-9072-45E8-853C-3C1CA25072BC}.Debug|Any CPU.ActiveCfg = Debug|Any CPU
		{43A5A998-9072-45E8-853C-3C1CA25072BC}.Debug|Any CPU.Build.0 = Debug|Any CPU
		{43A5A998-9072-45E8-853C-3C1CA25072BC}.Release|Any CPU.ActiveCfg = Release|Any CPU
		{43A5A998-9072-45E8-853C-3C1CA25072BC}.Release|Any CPU.Build.0 = Release|Any CPU
		{AC6C405F-ED66-4D7E-9B75-437AB9D9BAB4}.Debug|Any CPU.ActiveCfg = Debug|Any CPU
		{AC6C405F-ED66-4D7E-9B75-437AB9D9BAB4}.Debug|Any CPU.Build.0 = Debug|Any CPU
		{AC6C405F-ED66-4D7E-9B75-437AB9D9BAB4}.Release|Any CPU.ActiveCfg = Release|Any CPU
		{AC6C405F-ED66-4D7E-9B75-437AB9D9BAB4}.Release|Any CPU.Build.0 = Release|Any CPU
		{EDF55DE9-56AC-42B4-A06D-A24CD0755F54}.Debug|Any CPU.ActiveCfg = Debug|Any CPU
		{EDF55DE9-56AC-42B4-A06D-A24CD0755F54}.Debug|Any CPU.Build.0 = Debug|Any CPU
		{EDF55DE9-56AC-42B4-A06D-A24CD0755F54}.Release|Any CPU.ActiveCfg = Release|Any CPU
		{EDF55DE9-56AC-42B4-A06D-A24CD0755F54}.Release|Any CPU.Build.0 = Release|Any CPU
		{53BD0A85-5F19-46AC-A308-0781824489C5}.Debug|Any CPU.ActiveCfg = Debug|Any CPU
		{53BD0A85-5F19-46AC-A308-0781824489C5}.Debug|Any CPU.Build.0 = Debug|Any CPU
		{53BD0A85-5F19-46AC-A308-0781824489C5}.Release|Any CPU.ActiveCfg = Release|Any CPU
		{53BD0A85-5F19-46AC-A308-0781824489C5}.Release|Any CPU.Build.0 = Release|Any CPU
		{D653877F-B389-4774-AA11-A03AECB84B76}.Debug|Any CPU.ActiveCfg = Debug|Any CPU
		{D653877F-B389-4774-AA11-A03AECB84B76}.Debug|Any CPU.Build.0 = Debug|Any CPU
		{D653877F-B389-4774-AA11-A03AECB84B76}.Release|Any CPU.ActiveCfg = Release|Any CPU
		{D653877F-B389-4774-AA11-A03AECB84B76}.Release|Any CPU.Build.0 = Release|Any CPU
		{D0F582E2-9544-4484-BDF3-4B4657E2E83F}.Debug|Any CPU.ActiveCfg = Debug|Any CPU
		{D0F582E2-9544-4484-BDF3-4B4657E2E83F}.Debug|Any CPU.Build.0 = Debug|Any CPU
		{D0F582E2-9544-4484-BDF3-4B4657E2E83F}.Release|Any CPU.ActiveCfg = Release|Any CPU
		{D0F582E2-9544-4484-BDF3-4B4657E2E83F}.Release|Any CPU.Build.0 = Release|Any CPU
	EndGlobalSection
	GlobalSection(SolutionProperties) = preSolution
		HideSolutionNode = FALSE
	EndGlobalSection
	GlobalSection(NestedProjects) = preSolution
		{C39F9F8A-766B-4E6F-BA08-1BC7E2B1EC15} = {A835003D-9F01-4F6F-B300-756B1C9466D0}
		{8336F0FF-1AA6-4723-A856-CEA2A6CC07AD} = {A835003D-9F01-4F6F-B300-756B1C9466D0}
		{A605EC78-C9E3-4873-B1F3-D98AF9B6EC13} = {A835003D-9F01-4F6F-B300-756B1C9466D0}
		{7DE1EB5C-1C51-4266-92CF-EFE462566A00} = {A835003D-9F01-4F6F-B300-756B1C9466D0}
		{C4CCDD42-4FF3-4D40-B3C2-A7903A102E87} = {A835003D-9F01-4F6F-B300-756B1C9466D0}
		{E7EDDF90-A649-47C4-B78D-3CF53839056E} = {E36EEF7A-53BE-4823-BDA5-2AC8C32A255D}
		{68077049-B1CB-408D-9799-3E7604B36A57} = {E36EEF7A-53BE-4823-BDA5-2AC8C32A255D}
		{43A5A998-9072-45E8-853C-3C1CA25072BC} = {E36EEF7A-53BE-4823-BDA5-2AC8C32A255D}
		{AC6C405F-ED66-4D7E-9B75-437AB9D9BAB4} = {E36EEF7A-53BE-4823-BDA5-2AC8C32A255D}
		{EDF55DE9-56AC-42B4-A06D-A24CD0755F54} = {E36EEF7A-53BE-4823-BDA5-2AC8C32A255D}
		{53BD0A85-5F19-46AC-A308-0781824489C5} = {E36EEF7A-53BE-4823-BDA5-2AC8C32A255D}
		{D653877F-B389-4774-AA11-A03AECB84B76} = {86196BB9-AC25-4E4B-A376-8C7B542FCD2A}
		{D0F582E2-9544-4484-BDF3-4B4657E2E83F} = {86196BB9-AC25-4E4B-A376-8C7B542FCD2A}
	EndGlobalSection
	GlobalSection(ExtensibilityGlobals) = postSolution
		SolutionGuid = {52181C07-118B-4100-A7B1-9B41F568DB0E}
	EndGlobalSection
EndGlobal
