
Microsoft Visual Studio Solution File, Format Version 12.00
# Visual Studio Version 17
VisualStudioVersion = 17.5.33530.505
MinimumVisualStudioVersion = 10.0.40219.1
Project("{2150E333-8FDC-42A3-9474-1A3956D46DE8}") = "Creational", "Creational", "{A835003D-9F01-4F6F-B300-756B1C9466D0}"
EndProject
Project("{2150E333-8FDC-42A3-9474-1A3956D46DE8}") = "Sturctural", "Sturctural", "{E36EEF7A-53BE-4823-BDA5-2AC8C32A255D}"
EndProject
Project("{2150E333-8FDC-42A3-9474-1A3956D46DE8}") = "Behavioural", "Behavioural", "{86196BB9-AC25-4E4B-A376-8C7B542FCD2A}"
EndProject
Project("{9A19103F-16F7-4668-BE54-9A1E7A4F7556}") = "SingletonPattern", "Creational\SingletonPattern\SingletonPattern.csproj", "{C39F9F8A-766B-4E6F-BA08-1BC7E2B1EC15}"
EndProject
Project("{9A19103F-16F7-4668-BE54-9A1E7A4F7556}") = "FactoryMethodPattern", "Creational\FactoryMethodPattern\FactoryMethodPattern.csproj", "{8336F0FF-1AA6-4723-A856-CEA2A6CC07AD}"
EndProject
Project("{9A19103F-16F7-4668-BE54-9A1E7A4F7556}") = "AbstractFactoryPattern", "Creational\AbstractFactoryPattern\AbstractFactoryPattern.csproj", "{A605EC78-C9E3-4873-B1F3-D98AF9B6EC13}"
EndProject
Project("{9A19103F-16F7-4668-BE54-9A1E7A4F7556}") = "PrototypePattern", "Creational\PrototypePattern\PrototypePattern.csproj", "{7DE1EB5C-1C51-4266-92CF-EFE462566A00}"
EndProject
Project("{9A19103F-16F7-4668-BE54-9A1E7A4F7556}") = "BuilderPattern", "Creational\BuilderPattern\BuilderPattern.csproj", "{C4CCDD42-4FF3-4D40-B3C2-A7903A102E87}"
EndProject
Project("{9A19103F-16F7-4668-BE54-9A1E7A4F7556}") = "FacadePattern", "Sturctural\FacadePattern\FacadePattern.csproj", "{E7EDDF90-A649-47C4-B78D-3CF53839056E}"
EndProject
Project("{9A19103F-16F7-4668-BE54-9A1E7A4F7556}") = "AdapterPattern", "Sturctural\AdapterPattern\AdapterPattern.csproj", "{68077049-B1CB-408D-9799-3E7604B36A57}"
EndProject
Project("{9A19103F-16F7-4668-BE54-9A1E7A4F7556}") = "CompositePattern", "Sturctural\CompositePattern\CompositePattern.csproj", "{43A5A998-9072-45E8-853C-3C1CA25072BC}"
EndProject
Project("{9A19103F-16F7-4668-BE54-9A1E7A4F7556}") = "ProxyPattern", "Sturctural\ProxyPattern\ProxyPattern.csproj", "{AC6C405F-ED66-4D7E-9B75-437AB9D9BAB4}"
EndProject
Project("{9A19103F-16F7-4668-BE54-9A1E7A4F7556}") = "DecoratorPattern", "Sturctural\DecoratorPattern\DecoratorPattern.csproj", "{EDF55DE9-56AC-42B4-A06D-A24CD0755F54}"
EndProject
Project("{9A19103F-16F7-4668-BE54-9A1E7A4F7556}") = "BridgePattern", "Sturctural\BridgePattern\BridgePattern.csproj", "{53BD0A85-5F19-46AC-A308-0781824489C5}"
EndProject
Project("{9A19103F-16F7-4668-BE54-9A1E7A4F7556}") = "StrategyPattern", "Behavioural\StrategyPattern\StrategyPattern.csproj", "{D653877F-B389-4774-AA11-A03AECB84B76}"
EndProject
Project("{9A19103F-16F7-4668-BE54-9A1E7A4F7556}") = "ObserverPattern", "Behavioural\ObserverPattern\ObserverPattern.csproj", "{D0F582E2-9544-4484-BDF3-4B4657E2E83F}"
EndProject
Project("{9A19103F-16F7-4668-BE54-9A1E7A4F7556}") = "ChainOfResponsibilityPattern", "Behavioural\ChainOfResponsibilityPattern\ChainOfResponsibilityPattern.csproj", "{5D98BDAE-EDE1-454E-960F-853AEA3651B9}"
EndProject
Project("{9A19103F-16F7-4668-BE54-9A1E7A4F7556}") = "MementoPattern", "Behavioural\MementoPattern\MementoPattern.csproj", "{E5465B50-1EC6-4D70-BD4B-811EF87EB7FF}"
EndProject
Project("{9A19103F-16F7-4668-BE54-9A1E7A4F7556}") = "TemplateMethodPattern", "Behavioural\TemplateMethodPattern\TemplateMethodPattern.csproj", "{08CBD126-2754-4DF4-9BB1-B913C054BA40}"
EndProject
Project("{9A19103F-16F7-4668-BE54-9A1E7A4F7556}") = "StatePattern", "Behavioural\StatePattern\StatePattern.csproj", "{1EC2FAD9-393A-42FB-9F8C-EB42F5CE1736}"
EndProject
Project("{9A19103F-16F7-4668-BE54-9A1E7A4F7556}") = "MediatorPattern", "Behavioural\MediatorPattern\MediatorPattern.csproj", "{4A98FE4E-DC67-466B-BC9E-3C848530DCC9}"
EndProject
Project("{9A19103F-16F7-4668-BE54-9A1E7A4F7556}") = "CommandPattern", "Behavioural\CommandPattern\CommandPattern.csproj", "{E22F1877-663E-410F-A7FC-E636A244BA13}"
EndProject
Project("{9A19103F-16F7-4668-BE54-9A1E7A4F7556}") = "VisitorPattern", "Behavioural\VisitorPattern\VisitorPattern.csproj", "{3BDAD26F-D1D2-45AF-8050-950A2A2196AF}"
EndProject
Project("{9A19103F-16F7-4668-BE54-9A1E7A4F7556}") = "DependencInjectionPattern", "Behavioural\DependencInjectionPattern\DependencInjectionPattern.csproj", "{136E4750-EE81-419E-B9DE-EB81809EEA46}"
EndProject
Project("{9A19103F-16F7-4668-BE54-9A1E7A4F7556}") = "NullObjcetPattern", "Behavioural\NullObjcetPattern\NullObjcetPattern.csproj", "{19B24EBF-5FF6-4E9E-99E4-743B750631AD}"
EndProject
Project("{9A19103F-16F7-4668-BE54-9A1E7A4F7556}") = "MultitonPattern", "Creational\MultitonPattern\MultitonPattern.csproj", "{5B8BD565-F78B-472E-BD74-F326326BAD08}"
EndProject
Project("{9A19103F-16F7-4668-BE54-9A1E7A4F7556}") = "DesignPatterns.Strategy", "DesignPatterns.Strategy\DesignPatterns.Strategy.csproj", "{4596C28E-1346-4731-9864-DD8688EF5391}"
EndProject
Project("{9A19103F-16F7-4668-BE54-9A1E7A4F7556}") = "DesignPatterns.Template", "DesignPatterns.Template\DesignPatterns.Template.csproj", "{06E9CBA8-B980-416C-BCA1-A22F862DCC80}"
EndProject
Project("{9A19103F-16F7-4668-BE54-9A1E7A4F7556}") = "DesignPatterns.Command", "DesignPatterns.Command\DesignPatterns.Command.csproj", "{5F85FE0A-0796-49DD-9B37-798F6674C952}"
EndProject
Project("{9A19103F-16F7-4668-BE54-9A1E7A4F7556}") = "DesignPatterns.Observer", "DesignPatterns.Observer\DesignPatterns.Observer.csproj", "{04780A25-2A59-4A9F-BDDC-4C314145F903}"
EndProject
Project("{9A19103F-16F7-4668-BE54-9A1E7A4F7556}") = "DesignPatterns.ChainOfResponsibility", "DesignPatterns.ChainOfResponsibility\DesignPatterns.ChainOfResponsibility.csproj", "{E2665EE8-062F-46B9-8AAD-3B4690B3D703}"
EndProject
Project("{9A19103F-16F7-4668-BE54-9A1E7A4F7556}") = "DesignPatterns.Composite", "DesignPatterns.Composite\DesignPatterns.Composite.csproj", "{E87BADD3-1621-4BC5-916E-424976D51AF6}"
EndProject
Project("{9A19103F-16F7-4668-BE54-9A1E7A4F7556}") = "DesignPatterns.Decorator", "DesignPatterns.Decorator\DesignPatterns.Decorator.csproj", "{7D5A81A6-5AB6-4F84-94F6-E765AF73C75E}"
EndProject
Project("{9A19103F-16F7-4668-BE54-9A1E7A4F7556}") = "DesignPatterns.Adapter", "DesignPatterns.Adapter\DesignPatterns.Adapter.csproj", "{A1518AFD-9387-4B81-922E-69F202F1DE04}"
EndProject
Project("{9A19103F-16F7-4668-BE54-9A1E7A4F7556}") = "DesignPatternsApp", "DesignPatternsApp\DesignPatternsApp.csproj", "{8DB3FC0C-2797-4289-A0B1-8D20F3CE25E6}"
EndProject
Project("{2150E333-8FDC-42A3-9474-1A3956D46DE8}") = "SingletonDesignPattern", "SingletonDesignPattern", "{55EE15E3-305B-4DF0-BF8D-AEC4DBE92AAC}"
EndProject
Project("{9A19103F-16F7-4668-BE54-9A1E7A4F7556}") = "Singleton.Console", "SingletonDesignPattern\Singleton.Console\Singleton.Console.csproj", "{BFC60596-0C14-4EC6-BC06-E9816BEF7FA0}"
EndProject
Project("{9A19103F-16F7-4668-BE54-9A1E7A4F7556}") = "SingletonAsync.Console", "SingletonDesignPattern\SingletonAsync.Console\SingletonAsync.Console.csproj", "{326D8966-CF8E-4D28-918D-3A3A3FB54967}"
EndProject
Project("{2150E333-8FDC-42A3-9474-1A3956D46DE8}") = "MultitonDesignPattern", "MultitonDesignPattern", "{A5F4A996-8C81-4106-B24E-114E9AC59FBC}"
EndProject
Project("{FAE04EC0-301F-11D3-BF4B-00C04F79EFBC}") = "Multiton.Console", "MultitonDesignPattern\Multiton.Console\Multiton.Console.csproj", "{D7D3DC74-25E3-4539-9AF4-BB8E59E7EEB5}"
EndProject
Global
	GlobalSection(SolutionConfigurationPlatforms) = preSolution
		Debug|Any CPU = Debug|Any CPU
		Release|Any CPU = Release|Any CPU
	EndGlobalSection
	GlobalSection(ProjectConfigurationPlatforms) = postSolution
		{C39F9F8A-766B-4E6F-BA08-1BC7E2B1EC15}.Debug|Any CPU.ActiveCfg = Debug|Any CPU
		{C39F9F8A-766B-4E6F-BA08-1BC7E2B1EC15}.Debug|Any CPU.Build.0 = Debug|Any CPU
		{C39F9F8A-766B-4E6F-BA08-1BC7E2B1EC15}.Release|Any CPU.ActiveCfg = Release|Any CPU
		{C39F9F8A-766B-4E6F-BA08-1BC7E2B1EC15}.Release|Any CPU.Build.0 = Release|Any CPU
		{8336F0FF-1AA6-4723-A856-CEA2A6CC07AD}.Debug|Any CPU.ActiveCfg = Debug|Any CPU
		{8336F0FF-1AA6-4723-A856-CEA2A6CC07AD}.Debug|Any CPU.Build.0 = Debug|Any CPU
		{8336F0FF-1AA6-4723-A856-CEA2A6CC07AD}.Release|Any CPU.ActiveCfg = Release|Any CPU
		{8336F0FF-1AA6-4723-A856-CEA2A6CC07AD}.Release|Any CPU.Build.0 = Release|Any CPU
		{A605EC78-C9E3-4873-B1F3-D98AF9B6EC13}.Debug|Any CPU.ActiveCfg = Debug|Any CPU
		{A605EC78-C9E3-4873-B1F3-D98AF9B6EC13}.Debug|Any CPU.Build.0 = Debug|Any CPU
		{A605EC78-C9E3-4873-B1F3-D98AF9B6EC13}.Release|Any CPU.ActiveCfg = Release|Any CPU
		{A605EC78-C9E3-4873-B1F3-D98AF9B6EC13}.Release|Any CPU.Build.0 = Release|Any CPU
		{7DE1EB5C-1C51-4266-92CF-EFE462566A00}.Debug|Any CPU.ActiveCfg = Debug|Any CPU
		{7DE1EB5C-1C51-4266-92CF-EFE462566A00}.Debug|Any CPU.Build.0 = Debug|Any CPU
		{7DE1EB5C-1C51-4266-92CF-EFE462566A00}.Release|Any CPU.ActiveCfg = Release|Any CPU
		{7DE1EB5C-1C51-4266-92CF-EFE462566A00}.Release|Any CPU.Build.0 = Release|Any CPU
		{C4CCDD42-4FF3-4D40-B3C2-A7903A102E87}.Debug|Any CPU.ActiveCfg = Debug|Any CPU
		{C4CCDD42-4FF3-4D40-B3C2-A7903A102E87}.Debug|Any CPU.Build.0 = Debug|Any CPU
		{C4CCDD42-4FF3-4D40-B3C2-A7903A102E87}.Release|Any CPU.ActiveCfg = Release|Any CPU
		{C4CCDD42-4FF3-4D40-B3C2-A7903A102E87}.Release|Any CPU.Build.0 = Release|Any CPU
		{E7EDDF90-A649-47C4-B78D-3CF53839056E}.Debug|Any CPU.ActiveCfg = Debug|Any CPU
		{E7EDDF90-A649-47C4-B78D-3CF53839056E}.Debug|Any CPU.Build.0 = Debug|Any CPU
		{E7EDDF90-A649-47C4-B78D-3CF53839056E}.Release|Any CPU.ActiveCfg = Release|Any CPU
		{E7EDDF90-A649-47C4-B78D-3CF53839056E}.Release|Any CPU.Build.0 = Release|Any CPU
		{68077049-B1CB-408D-9799-3E7604B36A57}.Debug|Any CPU.ActiveCfg = Debug|Any CPU
		{68077049-B1CB-408D-9799-3E7604B36A57}.Debug|Any CPU.Build.0 = Debug|Any CPU
		{68077049-B1CB-408D-9799-3E7604B36A57}.Release|Any CPU.ActiveCfg = Release|Any CPU
		{68077049-B1CB-408D-9799-3E7604B36A57}.Release|Any CPU.Build.0 = Release|Any CPU
		{43A5A998-9072-45E8-853C-3C1CA25072BC}.Debug|Any CPU.ActiveCfg = Debug|Any CPU
		{43A5A998-9072-45E8-853C-3C1CA25072BC}.Debug|Any CPU.Build.0 = Debug|Any CPU
		{43A5A998-9072-45E8-853C-3C1CA25072BC}.Release|Any CPU.ActiveCfg = Release|Any CPU
		{43A5A998-9072-45E8-853C-3C1CA25072BC}.Release|Any CPU.Build.0 = Release|Any CPU
		{AC6C405F-ED66-4D7E-9B75-437AB9D9BAB4}.Debug|Any CPU.ActiveCfg = Debug|Any CPU
		{AC6C405F-ED66-4D7E-9B75-437AB9D9BAB4}.Debug|Any CPU.Build.0 = Debug|Any CPU
		{AC6C405F-ED66-4D7E-9B75-437AB9D9BAB4}.Release|Any CPU.ActiveCfg = Release|Any CPU
		{AC6C405F-ED66-4D7E-9B75-437AB9D9BAB4}.Release|Any CPU.Build.0 = Release|Any CPU
		{EDF55DE9-56AC-42B4-A06D-A24CD0755F54}.Debug|Any CPU.ActiveCfg = Debug|Any CPU
		{EDF55DE9-56AC-42B4-A06D-A24CD0755F54}.Debug|Any CPU.Build.0 = Debug|Any CPU
		{EDF55DE9-56AC-42B4-A06D-A24CD0755F54}.Release|Any CPU.ActiveCfg = Release|Any CPU
		{EDF55DE9-56AC-42B4-A06D-A24CD0755F54}.Release|Any CPU.Build.0 = Release|Any CPU
		{53BD0A85-5F19-46AC-A308-0781824489C5}.Debug|Any CPU.ActiveCfg = Debug|Any CPU
		{53BD0A85-5F19-46AC-A308-0781824489C5}.Debug|Any CPU.Build.0 = Debug|Any CPU
		{53BD0A85-5F19-46AC-A308-0781824489C5}.Release|Any CPU.ActiveCfg = Release|Any CPU
		{53BD0A85-5F19-46AC-A308-0781824489C5}.Release|Any CPU.Build.0 = Release|Any CPU
		{D653877F-B389-4774-AA11-A03AECB84B76}.Debug|Any CPU.ActiveCfg = Debug|Any CPU
		{D653877F-B389-4774-AA11-A03AECB84B76}.Debug|Any CPU.Build.0 = Debug|Any CPU
		{D653877F-B389-4774-AA11-A03AECB84B76}.Release|Any CPU.ActiveCfg = Release|Any CPU
		{D653877F-B389-4774-AA11-A03AECB84B76}.Release|Any CPU.Build.0 = Release|Any CPU
		{D0F582E2-9544-4484-BDF3-4B4657E2E83F}.Debug|Any CPU.ActiveCfg = Debug|Any CPU
		{D0F582E2-9544-4484-BDF3-4B4657E2E83F}.Debug|Any CPU.Build.0 = Debug|Any CPU
		{D0F582E2-9544-4484-BDF3-4B4657E2E83F}.Release|Any CPU.ActiveCfg = Release|Any CPU
		{D0F582E2-9544-4484-BDF3-4B4657E2E83F}.Release|Any CPU.Build.0 = Release|Any CPU
		{5D98BDAE-EDE1-454E-960F-853AEA3651B9}.Debug|Any CPU.ActiveCfg = Debug|Any CPU
		{5D98BDAE-EDE1-454E-960F-853AEA3651B9}.Debug|Any CPU.Build.0 = Debug|Any CPU
		{5D98BDAE-EDE1-454E-960F-853AEA3651B9}.Release|Any CPU.ActiveCfg = Release|Any CPU
		{5D98BDAE-EDE1-454E-960F-853AEA3651B9}.Release|Any CPU.Build.0 = Release|Any CPU
		{E5465B50-1EC6-4D70-BD4B-811EF87EB7FF}.Debug|Any CPU.ActiveCfg = Debug|Any CPU
		{E5465B50-1EC6-4D70-BD4B-811EF87EB7FF}.Debug|Any CPU.Build.0 = Debug|Any CPU
		{E5465B50-1EC6-4D70-BD4B-811EF87EB7FF}.Release|Any CPU.ActiveCfg = Release|Any CPU
		{E5465B50-1EC6-4D70-BD4B-811EF87EB7FF}.Release|Any CPU.Build.0 = Release|Any CPU
		{08CBD126-2754-4DF4-9BB1-B913C054BA40}.Debug|Any CPU.ActiveCfg = Debug|Any CPU
		{08CBD126-2754-4DF4-9BB1-B913C054BA40}.Debug|Any CPU.Build.0 = Debug|Any CPU
		{08CBD126-2754-4DF4-9BB1-B913C054BA40}.Release|Any CPU.ActiveCfg = Release|Any CPU
		{08CBD126-2754-4DF4-9BB1-B913C054BA40}.Release|Any CPU.Build.0 = Release|Any CPU
		{1EC2FAD9-393A-42FB-9F8C-EB42F5CE1736}.Debug|Any CPU.ActiveCfg = Debug|Any CPU
		{1EC2FAD9-393A-42FB-9F8C-EB42F5CE1736}.Debug|Any CPU.Build.0 = Debug|Any CPU
		{1EC2FAD9-393A-42FB-9F8C-EB42F5CE1736}.Release|Any CPU.ActiveCfg = Release|Any CPU
		{1EC2FAD9-393A-42FB-9F8C-EB42F5CE1736}.Release|Any CPU.Build.0 = Release|Any CPU
		{4A98FE4E-DC67-466B-BC9E-3C848530DCC9}.Debug|Any CPU.ActiveCfg = Debug|Any CPU
		{4A98FE4E-DC67-466B-BC9E-3C848530DCC9}.Debug|Any CPU.Build.0 = Debug|Any CPU
		{4A98FE4E-DC67-466B-BC9E-3C848530DCC9}.Release|Any CPU.ActiveCfg = Release|Any CPU
		{4A98FE4E-DC67-466B-BC9E-3C848530DCC9}.Release|Any CPU.Build.0 = Release|Any CPU
		{E22F1877-663E-410F-A7FC-E636A244BA13}.Debug|Any CPU.ActiveCfg = Debug|Any CPU
		{E22F1877-663E-410F-A7FC-E636A244BA13}.Debug|Any CPU.Build.0 = Debug|Any CPU
		{E22F1877-663E-410F-A7FC-E636A244BA13}.Release|Any CPU.ActiveCfg = Release|Any CPU
		{E22F1877-663E-410F-A7FC-E636A244BA13}.Release|Any CPU.Build.0 = Release|Any CPU
		{3BDAD26F-D1D2-45AF-8050-950A2A2196AF}.Debug|Any CPU.ActiveCfg = Debug|Any CPU
		{3BDAD26F-D1D2-45AF-8050-950A2A2196AF}.Debug|Any CPU.Build.0 = Debug|Any CPU
		{3BDAD26F-D1D2-45AF-8050-950A2A2196AF}.Release|Any CPU.ActiveCfg = Release|Any CPU
		{3BDAD26F-D1D2-45AF-8050-950A2A2196AF}.Release|Any CPU.Build.0 = Release|Any CPU
		{136E4750-EE81-419E-B9DE-EB81809EEA46}.Debug|Any CPU.ActiveCfg = Debug|Any CPU
		{136E4750-EE81-419E-B9DE-EB81809EEA46}.Debug|Any CPU.Build.0 = Debug|Any CPU
		{136E4750-EE81-419E-B9DE-EB81809EEA46}.Release|Any CPU.ActiveCfg = Release|Any CPU
		{136E4750-EE81-419E-B9DE-EB81809EEA46}.Release|Any CPU.Build.0 = Release|Any CPU
		{19B24EBF-5FF6-4E9E-99E4-743B750631AD}.Debug|Any CPU.ActiveCfg = Debug|Any CPU
		{19B24EBF-5FF6-4E9E-99E4-743B750631AD}.Debug|Any CPU.Build.0 = Debug|Any CPU
		{19B24EBF-5FF6-4E9E-99E4-743B750631AD}.Release|Any CPU.ActiveCfg = Release|Any CPU
		{19B24EBF-5FF6-4E9E-99E4-743B750631AD}.Release|Any CPU.Build.0 = Release|Any CPU
		{5B8BD565-F78B-472E-BD74-F326326BAD08}.Debug|Any CPU.ActiveCfg = Debug|Any CPU
		{5B8BD565-F78B-472E-BD74-F326326BAD08}.Debug|Any CPU.Build.0 = Debug|Any CPU
		{5B8BD565-F78B-472E-BD74-F326326BAD08}.Release|Any CPU.ActiveCfg = Release|Any CPU
		{5B8BD565-F78B-472E-BD74-F326326BAD08}.Release|Any CPU.Build.0 = Release|Any CPU
		{4596C28E-1346-4731-9864-DD8688EF5391}.Debug|Any CPU.ActiveCfg = Debug|Any CPU
		{4596C28E-1346-4731-9864-DD8688EF5391}.Debug|Any CPU.Build.0 = Debug|Any CPU
		{4596C28E-1346-4731-9864-DD8688EF5391}.Release|Any CPU.ActiveCfg = Release|Any CPU
		{4596C28E-1346-4731-9864-DD8688EF5391}.Release|Any CPU.Build.0 = Release|Any CPU
		{06E9CBA8-B980-416C-BCA1-A22F862DCC80}.Debug|Any CPU.ActiveCfg = Debug|Any CPU
		{06E9CBA8-B980-416C-BCA1-A22F862DCC80}.Debug|Any CPU.Build.0 = Debug|Any CPU
		{06E9CBA8-B980-416C-BCA1-A22F862DCC80}.Release|Any CPU.ActiveCfg = Release|Any CPU
		{06E9CBA8-B980-416C-BCA1-A22F862DCC80}.Release|Any CPU.Build.0 = Release|Any CPU
		{5F85FE0A-0796-49DD-9B37-798F6674C952}.Debug|Any CPU.ActiveCfg = Debug|Any CPU
		{5F85FE0A-0796-49DD-9B37-798F6674C952}.Debug|Any CPU.Build.0 = Debug|Any CPU
		{5F85FE0A-0796-49DD-9B37-798F6674C952}.Release|Any CPU.ActiveCfg = Release|Any CPU
		{5F85FE0A-0796-49DD-9B37-798F6674C952}.Release|Any CPU.Build.0 = Release|Any CPU
		{04780A25-2A59-4A9F-BDDC-4C314145F903}.Debug|Any CPU.ActiveCfg = Debug|Any CPU
		{04780A25-2A59-4A9F-BDDC-4C314145F903}.Debug|Any CPU.Build.0 = Debug|Any CPU
		{04780A25-2A59-4A9F-BDDC-4C314145F903}.Release|Any CPU.ActiveCfg = Release|Any CPU
		{04780A25-2A59-4A9F-BDDC-4C314145F903}.Release|Any CPU.Build.0 = Release|Any CPU
		{E2665EE8-062F-46B9-8AAD-3B4690B3D703}.Debug|Any CPU.ActiveCfg = Debug|Any CPU
		{E2665EE8-062F-46B9-8AAD-3B4690B3D703}.Debug|Any CPU.Build.0 = Debug|Any CPU
		{E2665EE8-062F-46B9-8AAD-3B4690B3D703}.Release|Any CPU.ActiveCfg = Release|Any CPU
		{E2665EE8-062F-46B9-8AAD-3B4690B3D703}.Release|Any CPU.Build.0 = Release|Any CPU
		{E87BADD3-1621-4BC5-916E-424976D51AF6}.Debug|Any CPU.ActiveCfg = Debug|Any CPU
		{E87BADD3-1621-4BC5-916E-424976D51AF6}.Debug|Any CPU.Build.0 = Debug|Any CPU
		{E87BADD3-1621-4BC5-916E-424976D51AF6}.Release|Any CPU.ActiveCfg = Release|Any CPU
		{E87BADD3-1621-4BC5-916E-424976D51AF6}.Release|Any CPU.Build.0 = Release|Any CPU
		{7D5A81A6-5AB6-4F84-94F6-E765AF73C75E}.Debug|Any CPU.ActiveCfg = Debug|Any CPU
		{7D5A81A6-5AB6-4F84-94F6-E765AF73C75E}.Debug|Any CPU.Build.0 = Debug|Any CPU
		{7D5A81A6-5AB6-4F84-94F6-E765AF73C75E}.Release|Any CPU.ActiveCfg = Release|Any CPU
		{7D5A81A6-5AB6-4F84-94F6-E765AF73C75E}.Release|Any CPU.Build.0 = Release|Any CPU
		{A1518AFD-9387-4B81-922E-69F202F1DE04}.Debug|Any CPU.ActiveCfg = Debug|Any CPU
		{A1518AFD-9387-4B81-922E-69F202F1DE04}.Debug|Any CPU.Build.0 = Debug|Any CPU
		{A1518AFD-9387-4B81-922E-69F202F1DE04}.Release|Any CPU.ActiveCfg = Release|Any CPU
		{A1518AFD-9387-4B81-922E-69F202F1DE04}.Release|Any CPU.Build.0 = Release|Any CPU
		{8DB3FC0C-2797-4289-A0B1-8D20F3CE25E6}.Debug|Any CPU.ActiveCfg = Debug|Any CPU
		{8DB3FC0C-2797-4289-A0B1-8D20F3CE25E6}.Debug|Any CPU.Build.0 = Debug|Any CPU
		{8DB3FC0C-2797-4289-A0B1-8D20F3CE25E6}.Release|Any CPU.ActiveCfg = Release|Any CPU
		{8DB3FC0C-2797-4289-A0B1-8D20F3CE25E6}.Release|Any CPU.Build.0 = Release|Any CPU
		{BFC60596-0C14-4EC6-BC06-E9816BEF7FA0}.Debug|Any CPU.ActiveCfg = Debug|Any CPU
		{BFC60596-0C14-4EC6-BC06-E9816BEF7FA0}.Debug|Any CPU.Build.0 = Debug|Any CPU
		{BFC60596-0C14-4EC6-BC06-E9816BEF7FA0}.Release|Any CPU.ActiveCfg = Release|Any CPU
		{BFC60596-0C14-4EC6-BC06-E9816BEF7FA0}.Release|Any CPU.Build.0 = Release|Any CPU
		{326D8966-CF8E-4D28-918D-3A3A3FB54967}.Debug|Any CPU.ActiveCfg = Debug|Any CPU
		{326D8966-CF8E-4D28-918D-3A3A3FB54967}.Debug|Any CPU.Build.0 = Debug|Any CPU
		{326D8966-CF8E-4D28-918D-3A3A3FB54967}.Release|Any CPU.ActiveCfg = Release|Any CPU
		{326D8966-CF8E-4D28-918D-3A3A3FB54967}.Release|Any CPU.Build.0 = Release|Any CPU
		{D7D3DC74-25E3-4539-9AF4-BB8E59E7EEB5}.Debug|Any CPU.ActiveCfg = Debug|Any CPU
		{D7D3DC74-25E3-4539-9AF4-BB8E59E7EEB5}.Debug|Any CPU.Build.0 = Debug|Any CPU
		{D7D3DC74-25E3-4539-9AF4-BB8E59E7EEB5}.Release|Any CPU.ActiveCfg = Release|Any CPU
		{D7D3DC74-25E3-4539-9AF4-BB8E59E7EEB5}.Release|Any CPU.Build.0 = Release|Any CPU
	EndGlobalSection
	GlobalSection(SolutionProperties) = preSolution
		HideSolutionNode = FALSE
	EndGlobalSection
	GlobalSection(NestedProjects) = preSolution
		{C39F9F8A-766B-4E6F-BA08-1BC7E2B1EC15} = {A835003D-9F01-4F6F-B300-756B1C9466D0}
		{8336F0FF-1AA6-4723-A856-CEA2A6CC07AD} = {A835003D-9F01-4F6F-B300-756B1C9466D0}
		{A605EC78-C9E3-4873-B1F3-D98AF9B6EC13} = {A835003D-9F01-4F6F-B300-756B1C9466D0}
		{7DE1EB5C-1C51-4266-92CF-EFE462566A00} = {A835003D-9F01-4F6F-B300-756B1C9466D0}
		{C4CCDD42-4FF3-4D40-B3C2-A7903A102E87} = {A835003D-9F01-4F6F-B300-756B1C9466D0}
		{E7EDDF90-A649-47C4-B78D-3CF53839056E} = {E36EEF7A-53BE-4823-BDA5-2AC8C32A255D}
		{68077049-B1CB-408D-9799-3E7604B36A57} = {E36EEF7A-53BE-4823-BDA5-2AC8C32A255D}
		{43A5A998-9072-45E8-853C-3C1CA25072BC} = {E36EEF7A-53BE-4823-BDA5-2AC8C32A255D}
		{AC6C405F-ED66-4D7E-9B75-437AB9D9BAB4} = {E36EEF7A-53BE-4823-BDA5-2AC8C32A255D}
		{EDF55DE9-56AC-42B4-A06D-A24CD0755F54} = {E36EEF7A-53BE-4823-BDA5-2AC8C32A255D}
		{53BD0A85-5F19-46AC-A308-0781824489C5} = {E36EEF7A-53BE-4823-BDA5-2AC8C32A255D}
		{D653877F-B389-4774-AA11-A03AECB84B76} = {86196BB9-AC25-4E4B-A376-8C7B542FCD2A}
		{D0F582E2-9544-4484-BDF3-4B4657E2E83F} = {86196BB9-AC25-4E4B-A376-8C7B542FCD2A}
		{5D98BDAE-EDE1-454E-960F-853AEA3651B9} = {86196BB9-AC25-4E4B-A376-8C7B542FCD2A}
		{E5465B50-1EC6-4D70-BD4B-811EF87EB7FF} = {86196BB9-AC25-4E4B-A376-8C7B542FCD2A}
		{08CBD126-2754-4DF4-9BB1-B913C054BA40} = {86196BB9-AC25-4E4B-A376-8C7B542FCD2A}
		{1EC2FAD9-393A-42FB-9F8C-EB42F5CE1736} = {86196BB9-AC25-4E4B-A376-8C7B542FCD2A}
		{4A98FE4E-DC67-466B-BC9E-3C848530DCC9} = {86196BB9-AC25-4E4B-A376-8C7B542FCD2A}
		{E22F1877-663E-410F-A7FC-E636A244BA13} = {86196BB9-AC25-4E4B-A376-8C7B542FCD2A}
		{3BDAD26F-D1D2-45AF-8050-950A2A2196AF} = {86196BB9-AC25-4E4B-A376-8C7B542FCD2A}
		{136E4750-EE81-419E-B9DE-EB81809EEA46} = {86196BB9-AC25-4E4B-A376-8C7B542FCD2A}
		{19B24EBF-5FF6-4E9E-99E4-743B750631AD} = {86196BB9-AC25-4E4B-A376-8C7B542FCD2A}
		{5B8BD565-F78B-472E-BD74-F326326BAD08} = {A835003D-9F01-4F6F-B300-756B1C9466D0}
		{BFC60596-0C14-4EC6-BC06-E9816BEF7FA0} = {55EE15E3-305B-4DF0-BF8D-AEC4DBE92AAC}
		{326D8966-CF8E-4D28-918D-3A3A3FB54967} = {55EE15E3-305B-4DF0-BF8D-AEC4DBE92AAC}
		{D7D3DC74-25E3-4539-9AF4-BB8E59E7EEB5} = {A5F4A996-8C81-4106-B24E-114E9AC59FBC}
	EndGlobalSection
	GlobalSection(ExtensibilityGlobals) = postSolution
		SolutionGuid = {52181C07-118B-4100-A7B1-9B41F568DB0E}
	EndGlobalSection
EndGlobal
